{
    "_meta": {
        "hash": {
            "sha256": "3d798604c8e70716e65147240aa9e11e4b3455d8e5506e460dd67259bc58028a"
        },
        "pipfile-spec": 6,
        "requires": {
            "python_version": "3.8"
        },
        "sources": [
            {
                "name": "pypi",
                "url": "https://pypi.python.org/simple",
                "verify_ssl": true
            }
        ]
    },
    "default": {
        "sly": {
            "hashes": [
                "sha256:e5f2266a231322cc17519fbc3a3ba1c6335fed5a9a55abe0e598a35aea0ac32a"
            ],
            "index": "pypi",
            "version": "==0.4"
        }
    },
    "develop": {}
}
